
Microsoft Visual Studio Solution File, Format Version 12.00
# Visual Studio Version 17
VisualStudioVersion = 17.13.35931.197
MinimumVisualStudioVersion = 10.0.40219.1
Project("{9A19103F-16F7-4668-BE54-9A1E7A4F7556}") = "EasyMock.UI", "EasyMockUI\EasyMock.UI.csproj", "{69EBA99A-2660-42EB-B82F-7653C35EBA6A}"
EndProject
Project("{9A19103F-16F7-4668-BE54-9A1E7A4F7556}") = "EasyMockLib", "EasyMockLib\EasyMockLib.csproj", "{C237E428-40C9-E341-4FAF-7735A1DA9C6E}"
EndProject
Project("{9A19103F-16F7-4668-BE54-9A1E7A4F7556}") = "MockGenerator", "MockGenerator\MockGenerator.csproj", "{75B5E06D-FB98-437A-AB7C-9242D05C404F}"
EndProject
Project("{FAE04EC0-301F-11D3-BF4B-00C04F79EFBC}") = "EasyMockTests", "EasyMockTests\EasyMockTests.csproj", "{8B1A6CF5-4DD4-4C67-BC47-0E3923FC6122}"
EndProject
Global
	GlobalSection(SolutionConfigurationPlatforms) = preSolution
		Debug|Any CPU = Debug|Any CPU
		Release|Any CPU = Release|Any CPU
	EndGlobalSection
	GlobalSection(ProjectConfigurationPlatforms) = postSolution
		{69EBA99A-2660-42EB-B82F-7653C35EBA6A}.Debug|Any CPU.ActiveCfg = Debug|Any CPU
		{69EBA99A-2660-42EB-B82F-7653C35EBA6A}.Debug|Any CPU.Build.0 = Debug|Any CPU
		{69EBA99A-2660-42EB-B82F-7653C35EBA6A}.Release|Any CPU.ActiveCfg = Release|Any CPU
		{69EBA99A-2660-42EB-B82F-7653C35EBA6A}.Release|Any CPU.Build.0 = Release|Any CPU
		{C237E428-40C9-E341-4FAF-7735A1DA9C6E}.Debug|Any CPU.ActiveCfg = Debug|Any CPU
		{C237E428-40C9-E341-4FAF-7735A1DA9C6E}.Debug|Any CPU.Build.0 = Debug|Any CPU
		{C237E428-40C9-E341-4FAF-7735A1DA9C6E}.Release|Any CPU.ActiveCfg = Release|Any CPU
		{C237E428-40C9-E341-4FAF-7735A1DA9C6E}.Release|Any CPU.Build.0 = Release|Any CPU
		{75B5E06D-FB98-437A-AB7C-9242D05C404F}.Debug|Any CPU.ActiveCfg = Debug|Any CPU
		{75B5E06D-FB98-437A-AB7C-9242D05C404F}.Debug|Any CPU.Build.0 = Debug|Any CPU
		{75B5E06D-FB98-437A-AB7C-9242D05C404F}.Release|Any CPU.ActiveCfg = Release|Any CPU
		{75B5E06D-FB98-437A-AB7C-9242D05C404F}.Release|Any CPU.Build.0 = Release|Any CPU
		{8B1A6CF5-4DD4-4C67-BC47-0E3923FC6122}.Debug|Any CPU.ActiveCfg = Debug|Any CPU
		{8B1A6CF5-4DD4-4C67-BC47-0E3923FC6122}.Debug|Any CPU.Build.0 = Debug|Any CPU
		{8B1A6CF5-4DD4-4C67-BC47-0E3923FC6122}.Release|Any CPU.ActiveCfg = Release|Any CPU
		{8B1A6CF5-4DD4-4C67-BC47-0E3923FC6122}.Release|Any CPU.Build.0 = Release|Any CPU
	EndGlobalSection
	GlobalSection(SolutionProperties) = preSolution
		HideSolutionNode = FALSE
	EndGlobalSection
	GlobalSection(ExtensibilityGlobals) = postSolution
		SolutionGuid = {F4A54341-88A6-4D02-97D8-F72603DCA280}
	EndGlobalSection
EndGlobal
